<?xml version="1.0" encoding="utf-8"?>
<Project ToolsVersion="4.0" xmlns="http://schemas.microsoft.com/developer/msbuild/2003">
  <ItemGroup>
    <Filter Include="Исходные файлы">
      <UniqueIdentifier>{4FC737F1-C7A5-4376-A066-2A32D752A2FF}</UniqueIdentifier>
      <Extensions>cpp;c;cc;cxx;c++;cppm;ixx;def;odl;idl;hpj;bat;asm;asmx</Extensions>
    </Filter>
    <Filter Include="LW 3">
      <UniqueIdentifier>{4b4ed8a4-a5ef-433f-b128-5bcda4e62ba2}</UniqueIdentifier>
    </Filter>
    <Filter Include="LW 4">
      <UniqueIdentifier>{8ea746b8-dc4e-4e24-9c2a-90c02ac67715}</UniqueIdentifier>
    </Filter>
  </ItemGroup>
  <ItemGroup>
    <ClCompile Include="Listing_1.cpp">
      <Filter>Исходные файлы</Filter>
    </ClCompile>
    <ClCompile Include="Listing_2.cpp">
      <Filter>Исходные файлы</Filter>
    </ClCompile>
    <ClCompile Include="Listing_3.cpp">
      <Filter>Исходные файлы</Filter>
    </ClCompile>
    <ClCompile Include="Listing_4.cpp">
      <Filter>Исходные файлы</Filter>
    </ClCompile>
    <ClCompile Include="Listing_5.cpp">
      <Filter>Исходные файлы</Filter>
    </ClCompile>
    <ClCompile Include="Listing_6.cpp">
      <Filter>Исходные файлы</Filter>
    </ClCompile>
    <ClCompile Include="Listing_7.cpp">
      <Filter>Исходные файлы</Filter>
    </ClCompile>
    <ClCompile Include="Listing_8.cpp">
      <Filter>Исходные файлы</Filter>
    </ClCompile>
    <ClCompile Include="Listing_9.cpp">
      <Filter>Исходные файлы</Filter>
    </ClCompile>
    <ClCompile Include="Listing 3-1.cpp">
      <Filter>LW 3</Filter>
    </ClCompile>
    <ClCompile Include="Listing 3-2.cpp">
      <Filter>LW 3</Filter>
    </ClCompile>
    <ClCompile Include="Listing 3-3.cpp">
      <Filter>LW 3</Filter>
    </ClCompile>
    <ClCompile Include="Listing 3-4.cpp">
      <Filter>LW 3</Filter>
    </ClCompile>
    <ClCompile Include="Listing 3-5.cpp">
      <Filter>LW 3</Filter>
    </ClCompile>
    <ClCompile Include="Listing 3-7.cpp">
      <Filter>LW 3</Filter>
    </ClCompile>
    <ClCompile Include="Task 4-1.cpp">
      <Filter>LW 4</Filter>
    </ClCompile>
    <ClCompile Include="ObjLoader.cpp">
      <Filter>LW 4</Filter>
    </ClCompile>
    <ClCompile Include="Task 4-2.cpp">
      <Filter>LW 4</Filter>
    </ClCompile>
    <ClCompile Include="Task 4-3.cpp">
      <Filter>LW 4</Filter>
    </ClCompile>
    <ClCompile Include="Task 4-4.cpp">
      <Filter>LW 4</Filter>
    </ClCompile>
    <ClCompile Include="Task 4-5.cpp">
      <Filter>LW 4</Filter>
    </ClCompile>
    <ClCompile Include="Task 4-6.cpp">
      <Filter>LW 4</Filter>
    </ClCompile>
    <ClCompile Include="Task 4-7.cpp">
      <Filter>LW 4</Filter>
    </ClCompile>
    <ClCompile Include="Task 4-8.cpp">
      <Filter>LW 4</Filter>
    </ClCompile>
    <ClCompile Include="Task 4-9-2.cpp">
      <Filter>LW 4</Filter>
    </ClCompile>
    <ClCompile Include="Task 4-9-3.cpp">
      <Filter>LW 4</Filter>
    </ClCompile>
    <ClCompile Include="Task 4-9-4.cpp">
      <Filter>LW 4</Filter>
    </ClCompile>
    <ClCompile Include="Task 4-9-5.cpp">
      <Filter>LW 4</Filter>
    </ClCompile>
  </ItemGroup>
  <ItemGroup>
    <ClInclude Include="ObjLoader.h">
      <Filter>LW 4</Filter>
    </ClInclude>
  </ItemGroup>
</Project>