
Microsoft Visual Studio Solution File, Format Version 12.00
# Visual Studio Version 17
VisualStudioVersion = 17.2.32616.157
MinimumVisualStudioVersion = 10.0.40219.1
Project("{FAE04EC0-301F-11D3-BF4B-00C04F79EFBC}") = "ScrumPinboard", "ScrumPinboard\ScrumPinboard.csproj", "{3274CE00-D56A-4C6E-95C3-5C5856004F27}"
EndProject
Global
	GlobalSection(SolutionConfigurationPlatforms) = preSolution
		Debug|Any CPU = Debug|Any CPU
		Release|Any CPU = Release|Any CPU
	EndGlobalSection
	GlobalSection(ProjectConfigurationPlatforms) = postSolution
		{3274CE00-D56A-4C6E-95C3-5C5856004F27}.Debug|Any CPU.ActiveCfg = Debug|Any CPU
		{3274CE00-D56A-4C6E-95C3-5C5856004F27}.Debug|Any CPU.Build.0 = Debug|Any CPU
		{3274CE00-D56A-4C6E-95C3-5C5856004F27}.Release|Any CPU.ActiveCfg = Release|Any CPU
		{3274CE00-D56A-4C6E-95C3-5C5856004F27}.Release|Any CPU.Build.0 = Release|Any CPU
	EndGlobalSection
	GlobalSection(SolutionProperties) = preSolution
		HideSolutionNode = FALSE
	EndGlobalSection
	GlobalSection(ExtensibilityGlobals) = postSolution
		SolutionGuid = {CFCE5D26-A1E0-4AE3-A8CB-1E824044CF86}
	EndGlobalSection
EndGlobal
