
Microsoft Visual Studio Solution File, Format Version 12.00
# Visual Studio Version 16
VisualStudioVersion = 16.0.30320.27
MinimumVisualStudioVersion = 10.0.40219.1
Project("{8BC9CEB8-8B4A-11D0-8D11-00A0C91BC942}") = "Lab4", "Lab4\Lab4.vcxproj", "{8713F7A4-1E73-41BF-AD15-D279CFA9A1EA}"
EndProject
Project("{8BC9CEB8-8B4A-11D0-8D11-00A0C91BC942}") = "Lab4_2", "Lab4_2\Lab4_2.vcxproj", "{61706C83-900D-4546-B1F2-DA2D1C806946}"
EndProject
Project("{8BC9CEB8-8B4A-11D0-8D11-00A0C91BC942}") = "Lab4_3", "Lab4_3\Lab4_3.vcxproj", "{6FEEDBB8-8A7B-4B4E-A8F0-4382EA669CC3}"
EndProject
Project("{8BC9CEB8-8B4A-11D0-8D11-00A0C91BC942}") = "Lab4_4", "Lab4_4\Lab4_4.vcxproj", "{DA1CA773-6DCE-4C26-8914-6A9D6BA8EA8C}"
EndProject
Project("{8BC9CEB8-8B4A-11D0-8D11-00A0C91BC942}") = "Lab4_5", "Lab4_5\Lab4_5.vcxproj", "{DDBD86F9-1AC8-48B1-87B7-64015E153CD2}"
EndProject
Project("{8BC9CEB8-8B4A-11D0-8D11-00A0C91BC942}") = "Lab4_6", "Lab4_6\Lab4_6.vcxproj", "{08227572-F908-4445-8F22-B1ED506CD636}"
EndProject
Project("{8BC9CEB8-8B4A-11D0-8D11-00A0C91BC942}") = "Lab4_7", "Lab4_7\Lab4_7.vcxproj", "{061A545C-6B39-46A3-B3E9-AC098A53BAFD}"
EndProject
Project("{8BC9CEB8-8B4A-11D0-8D11-00A0C91BC942}") = "Lab4_8", "Lab4_8\Lab4_8.vcxproj", "{5E94C725-A045-430E-9688-7DE7AE7A6792}"
EndProject
Project("{8BC9CEB8-8B4A-11D0-8D11-00A0C91BC942}") = "Lab4_9", "Lab4_9\Lab4_9.vcxproj", "{0B7B2E40-48FA-4E36-B5F8-F249BDEB1FEC}"
EndProject
Global
	GlobalSection(SolutionConfigurationPlatforms) = preSolution
		Debug|x64 = Debug|x64
		Debug|x86 = Debug|x86
		Release|x64 = Release|x64
		Release|x86 = Release|x86
	EndGlobalSection
	GlobalSection(ProjectConfigurationPlatforms) = postSolution
		{8713F7A4-1E73-41BF-AD15-D279CFA9A1EA}.Debug|x64.ActiveCfg = Debug|x64
		{8713F7A4-1E73-41BF-AD15-D279CFA9A1EA}.Debug|x64.Build.0 = Debug|x64
		{8713F7A4-1E73-41BF-AD15-D279CFA9A1EA}.Debug|x86.ActiveCfg = Debug|Win32
		{8713F7A4-1E73-41BF-AD15-D279CFA9A1EA}.Debug|x86.Build.0 = Debug|Win32
		{8713F7A4-1E73-41BF-AD15-D279CFA9A1EA}.Release|x64.ActiveCfg = Release|x64
		{8713F7A4-1E73-41BF-AD15-D279CFA9A1EA}.Release|x64.Build.0 = Release|x64
		{8713F7A4-1E73-41BF-AD15-D279CFA9A1EA}.Release|x86.ActiveCfg = Release|Win32
		{8713F7A4-1E73-41BF-AD15-D279CFA9A1EA}.Release|x86.Build.0 = Release|Win32
		{61706C83-900D-4546-B1F2-DA2D1C806946}.Debug|x64.ActiveCfg = Debug|x64
		{61706C83-900D-4546-B1F2-DA2D1C806946}.Debug|x64.Build.0 = Debug|x64
		{61706C83-900D-4546-B1F2-DA2D1C806946}.Debug|x86.ActiveCfg = Debug|Win32
		{61706C83-900D-4546-B1F2-DA2D1C806946}.Debug|x86.Build.0 = Debug|Win32
		{61706C83-900D-4546-B1F2-DA2D1C806946}.Release|x64.ActiveCfg = Release|x64
		{61706C83-900D-4546-B1F2-DA2D1C806946}.Release|x64.Build.0 = Release|x64
		{61706C83-900D-4546-B1F2-DA2D1C806946}.Release|x86.ActiveCfg = Release|Win32
		{61706C83-900D-4546-B1F2-DA2D1C806946}.Release|x86.Build.0 = Release|Win32
		{6FEEDBB8-8A7B-4B4E-A8F0-4382EA669CC3}.Debug|x64.ActiveCfg = Debug|x64
		{6FEEDBB8-8A7B-4B4E-A8F0-4382EA669CC3}.Debug|x64.Build.0 = Debug|x64
		{6FEEDBB8-8A7B-4B4E-A8F0-4382EA669CC3}.Debug|x86.ActiveCfg = Debug|Win32
		{6FEEDBB8-8A7B-4B4E-A8F0-4382EA669CC3}.Debug|x86.Build.0 = Debug|Win32
		{6FEEDBB8-8A7B-4B4E-A8F0-4382EA669CC3}.Release|x64.ActiveCfg = Release|x64
		{6FEEDBB8-8A7B-4B4E-A8F0-4382EA669CC3}.Release|x64.Build.0 = Release|x64
		{6FEEDBB8-8A7B-4B4E-A8F0-4382EA669CC3}.Release|x86.ActiveCfg = Release|Win32
		{6FEEDBB8-8A7B-4B4E-A8F0-4382EA669CC3}.Release|x86.Build.0 = Release|Win32
		{DA1CA773-6DCE-4C26-8914-6A9D6BA8EA8C}.Debug|x64.ActiveCfg = Debug|x64
		{DA1CA773-6DCE-4C26-8914-6A9D6BA8EA8C}.Debug|x64.Build.0 = Debug|x64
		{DA1CA773-6DCE-4C26-8914-6A9D6BA8EA8C}.Debug|x86.ActiveCfg = Debug|Win32
		{DA1CA773-6DCE-4C26-8914-6A9D6BA8EA8C}.Debug|x86.Build.0 = Debug|Win32
		{DA1CA773-6DCE-4C26-8914-6A9D6BA8EA8C}.Release|x64.ActiveCfg = Release|x64
		{DA1CA773-6DCE-4C26-8914-6A9D6BA8EA8C}.Release|x64.Build.0 = Release|x64
		{DA1CA773-6DCE-4C26-8914-6A9D6BA8EA8C}.Release|x86.ActiveCfg = Release|Win32
		{DA1CA773-6DCE-4C26-8914-6A9D6BA8EA8C}.Release|x86.Build.0 = Release|Win32
		{DDBD86F9-1AC8-48B1-87B7-64015E153CD2}.Debug|x64.ActiveCfg = Debug|x64
		{DDBD86F9-1AC8-48B1-87B7-64015E153CD2}.Debug|x64.Build.0 = Debug|x64
		{DDBD86F9-1AC8-48B1-87B7-64015E153CD2}.Debug|x86.ActiveCfg = Debug|Win32
		{DDBD86F9-1AC8-48B1-87B7-64015E153CD2}.Debug|x86.Build.0 = Debug|Win32
		{DDBD86F9-1AC8-48B1-87B7-64015E153CD2}.Release|x64.ActiveCfg = Release|x64
		{DDBD86F9-1AC8-48B1-87B7-64015E153CD2}.Release|x64.Build.0 = Release|x64
		{DDBD86F9-1AC8-48B1-87B7-64015E153CD2}.Release|x86.ActiveCfg = Release|Win32
		{DDBD86F9-1AC8-48B1-87B7-64015E153CD2}.Release|x86.Build.0 = Release|Win32
		{08227572-F908-4445-8F22-B1ED506CD636}.Debug|x64.ActiveCfg = Debug|x64
		{08227572-F908-4445-8F22-B1ED506CD636}.Debug|x64.Build.0 = Debug|x64
		{08227572-F908-4445-8F22-B1ED506CD636}.Debug|x86.ActiveCfg = Debug|Win32
		{08227572-F908-4445-8F22-B1ED506CD636}.Debug|x86.Build.0 = Debug|Win32
		{08227572-F908-4445-8F22-B1ED506CD636}.Release|x64.ActiveCfg = Release|x64
		{08227572-F908-4445-8F22-B1ED506CD636}.Release|x64.Build.0 = Release|x64
		{08227572-F908-4445-8F22-B1ED506CD636}.Release|x86.ActiveCfg = Release|Win32
		{08227572-F908-4445-8F22-B1ED506CD636}.Release|x86.Build.0 = Release|Win32
		{061A545C-6B39-46A3-B3E9-AC098A53BAFD}.Debug|x64.ActiveCfg = Debug|x64
		{061A545C-6B39-46A3-B3E9-AC098A53BAFD}.Debug|x64.Build.0 = Debug|x64
		{061A545C-6B39-46A3-B3E9-AC098A53BAFD}.Debug|x86.ActiveCfg = Debug|Win32
		{061A545C-6B39-46A3-B3E9-AC098A53BAFD}.Debug|x86.Build.0 = Debug|Win32
		{061A545C-6B39-46A3-B3E9-AC098A53BAFD}.Release|x64.ActiveCfg = Release|x64
		{061A545C-6B39-46A3-B3E9-AC098A53BAFD}.Release|x64.Build.0 = Release|x64
		{061A545C-6B39-46A3-B3E9-AC098A53BAFD}.Release|x86.ActiveCfg = Release|Win32
		{061A545C-6B39-46A3-B3E9-AC098A53BAFD}.Release|x86.Build.0 = Release|Win32
		{5E94C725-A045-430E-9688-7DE7AE7A6792}.Debug|x64.ActiveCfg = Debug|x64
		{5E94C725-A045-430E-9688-7DE7AE7A6792}.Debug|x64.Build.0 = Debug|x64
		{5E94C725-A045-430E-9688-7DE7AE7A6792}.Debug|x86.ActiveCfg = Debug|Win32
		{5E94C725-A045-430E-9688-7DE7AE7A6792}.Debug|x86.Build.0 = Debug|Win32
		{5E94C725-A045-430E-9688-7DE7AE7A6792}.Release|x64.ActiveCfg = Release|x64
		{5E94C725-A045-430E-9688-7DE7AE7A6792}.Release|x64.Build.0 = Release|x64
		{5E94C725-A045-430E-9688-7DE7AE7A6792}.Release|x86.ActiveCfg = Release|Win32
		{5E94C725-A045-430E-9688-7DE7AE7A6792}.Release|x86.Build.0 = Release|Win32
		{0B7B2E40-48FA-4E36-B5F8-F249BDEB1FEC}.Debug|x64.ActiveCfg = Debug|x64
		{0B7B2E40-48FA-4E36-B5F8-F249BDEB1FEC}.Debug|x64.Build.0 = Debug|x64
		{0B7B2E40-48FA-4E36-B5F8-F249BDEB1FEC}.Debug|x86.ActiveCfg = Debug|Win32
		{0B7B2E40-48FA-4E36-B5F8-F249BDEB1FEC}.Debug|x86.Build.0 = Debug|Win32
		{0B7B2E40-48FA-4E36-B5F8-F249BDEB1FEC}.Release|x64.ActiveCfg = Release|x64
		{0B7B2E40-48FA-4E36-B5F8-F249BDEB1FEC}.Release|x64.Build.0 = Release|x64
		{0B7B2E40-48FA-4E36-B5F8-F249BDEB1FEC}.Release|x86.ActiveCfg = Release|Win32
		{0B7B2E40-48FA-4E36-B5F8-F249BDEB1FEC}.Release|x86.Build.0 = Release|Win32
	EndGlobalSection
	GlobalSection(SolutionProperties) = preSolution
		HideSolutionNode = FALSE
	EndGlobalSection
	GlobalSection(ExtensibilityGlobals) = postSolution
		SolutionGuid = {67472170-CA06-4B2B-8F33-5A95A770FD97}
	EndGlobalSection
EndGlobal
