
Microsoft Visual Studio Solution File, Format Version 12.00
# Visual Studio Version 16
VisualStudioVersion = 16.0.30320.27
MinimumVisualStudioVersion = 10.0.40219.1
Project("{8BC9CEB8-8B4A-11D0-8D11-00A0C91BC942}") = "OPI_DZ_1", "OPI_DZ_1\OPI_DZ_1.vcxproj", "{800657DE-B178-44C7-93C4-131AB2B5B587}"
EndProject
Global
	GlobalSection(SolutionConfigurationPlatforms) = preSolution
		Debug|x64 = Debug|x64
		Debug|x86 = Debug|x86
		Release|x64 = Release|x64
		Release|x86 = Release|x86
	EndGlobalSection
	GlobalSection(ProjectConfigurationPlatforms) = postSolution
		{800657DE-B178-44C7-93C4-131AB2B5B587}.Debug|x64.ActiveCfg = Debug|x64
		{800657DE-B178-44C7-93C4-131AB2B5B587}.Debug|x64.Build.0 = Debug|x64
		{800657DE-B178-44C7-93C4-131AB2B5B587}.Debug|x86.ActiveCfg = Debug|Win32
		{800657DE-B178-44C7-93C4-131AB2B5B587}.Debug|x86.Build.0 = Debug|Win32
		{800657DE-B178-44C7-93C4-131AB2B5B587}.Release|x64.ActiveCfg = Release|x64
		{800657DE-B178-44C7-93C4-131AB2B5B587}.Release|x64.Build.0 = Release|x64
		{800657DE-B178-44C7-93C4-131AB2B5B587}.Release|x86.ActiveCfg = Release|Win32
		{800657DE-B178-44C7-93C4-131AB2B5B587}.Release|x86.Build.0 = Release|Win32
	EndGlobalSection
	GlobalSection(SolutionProperties) = preSolution
		HideSolutionNode = FALSE
	EndGlobalSection
	GlobalSection(ExtensibilityGlobals) = postSolution
		SolutionGuid = {7B790BA7-D6F6-4265-905F-4F7C709C55D1}
	EndGlobalSection
EndGlobal
