
Microsoft Visual Studio Solution File, Format Version 12.00
# Visual Studio Version 16
VisualStudioVersion = 16.0.30320.27
MinimumVisualStudioVersion = 10.0.40219.1
Project("{8BC9CEB8-8B4A-11D0-8D11-00A0C91BC942}") = "Lab3", "Lab3\Lab3.vcxproj", "{080429E5-5FA4-436F-BF67-C97465F04332}"
EndProject
Project("{8BC9CEB8-8B4A-11D0-8D11-00A0C91BC942}") = "Lab3_2", "Lab3_2\Lab3_2.vcxproj", "{9CA36863-902C-4971-8042-50FCF0F4CF5F}"
EndProject
Project("{8BC9CEB8-8B4A-11D0-8D11-00A0C91BC942}") = "Lab3_3", "Lab3_3\Lab3_3.vcxproj", "{4122E2A5-093A-4201-BB59-877B29C61DC4}"
EndProject
Project("{8BC9CEB8-8B4A-11D0-8D11-00A0C91BC942}") = "Lab3_4", "Lab3_4\Lab3_4.vcxproj", "{7CEC506D-B839-40EE-AAC2-D423D1987391}"
EndProject
Project("{8BC9CEB8-8B4A-11D0-8D11-00A0C91BC942}") = "Lab3_5", "Lab3_5\Lab3_5.vcxproj", "{8F1E3165-4E07-4240-95EB-AD2FE1672F22}"
EndProject
Project("{8BC9CEB8-8B4A-11D0-8D11-00A0C91BC942}") = "Lab3_6", "Lab3_6\Lab3_6.vcxproj", "{3A667D11-5210-4E80-B788-8A2640DECA49}"
EndProject
Project("{8BC9CEB8-8B4A-11D0-8D11-00A0C91BC942}") = "Lab3_7", "Lab3_7\Lab3_7.vcxproj", "{92C0F2A7-B974-4FB8-8410-F533F82AC1D2}"
EndProject
Project("{8BC9CEB8-8B4A-11D0-8D11-00A0C91BC942}") = "Lab3_8", "Lab3_8\Lab3_8.vcxproj", "{0C02651E-3EC2-496A-B111-C4305AE5173A}"
EndProject
Project("{8BC9CEB8-8B4A-11D0-8D11-00A0C91BC942}") = "Lab3_9", "Lab3_9\Lab3_9.vcxproj", "{E7378674-6A65-4872-858D-18B340F39768}"
EndProject
Project("{8BC9CEB8-8B4A-11D0-8D11-00A0C91BC942}") = "Lab3_10", "Lab3_10\Lab3_10.vcxproj", "{2D874238-E130-4BB4-9332-28318F0A1069}"
EndProject
Global
	GlobalSection(SolutionConfigurationPlatforms) = preSolution
		Debug|x64 = Debug|x64
		Debug|x86 = Debug|x86
		Release|x64 = Release|x64
		Release|x86 = Release|x86
	EndGlobalSection
	GlobalSection(ProjectConfigurationPlatforms) = postSolution
		{080429E5-5FA4-436F-BF67-C97465F04332}.Debug|x64.ActiveCfg = Debug|x64
		{080429E5-5FA4-436F-BF67-C97465F04332}.Debug|x64.Build.0 = Debug|x64
		{080429E5-5FA4-436F-BF67-C97465F04332}.Debug|x86.ActiveCfg = Debug|Win32
		{080429E5-5FA4-436F-BF67-C97465F04332}.Debug|x86.Build.0 = Debug|Win32
		{080429E5-5FA4-436F-BF67-C97465F04332}.Release|x64.ActiveCfg = Release|x64
		{080429E5-5FA4-436F-BF67-C97465F04332}.Release|x64.Build.0 = Release|x64
		{080429E5-5FA4-436F-BF67-C97465F04332}.Release|x86.ActiveCfg = Release|Win32
		{080429E5-5FA4-436F-BF67-C97465F04332}.Release|x86.Build.0 = Release|Win32
		{9CA36863-902C-4971-8042-50FCF0F4CF5F}.Debug|x64.ActiveCfg = Debug|x64
		{9CA36863-902C-4971-8042-50FCF0F4CF5F}.Debug|x64.Build.0 = Debug|x64
		{9CA36863-902C-4971-8042-50FCF0F4CF5F}.Debug|x86.ActiveCfg = Debug|Win32
		{9CA36863-902C-4971-8042-50FCF0F4CF5F}.Debug|x86.Build.0 = Debug|Win32
		{9CA36863-902C-4971-8042-50FCF0F4CF5F}.Release|x64.ActiveCfg = Release|x64
		{9CA36863-902C-4971-8042-50FCF0F4CF5F}.Release|x64.Build.0 = Release|x64
		{9CA36863-902C-4971-8042-50FCF0F4CF5F}.Release|x86.ActiveCfg = Release|Win32
		{9CA36863-902C-4971-8042-50FCF0F4CF5F}.Release|x86.Build.0 = Release|Win32
		{4122E2A5-093A-4201-BB59-877B29C61DC4}.Debug|x64.ActiveCfg = Debug|x64
		{4122E2A5-093A-4201-BB59-877B29C61DC4}.Debug|x64.Build.0 = Debug|x64
		{4122E2A5-093A-4201-BB59-877B29C61DC4}.Debug|x86.ActiveCfg = Debug|Win32
		{4122E2A5-093A-4201-BB59-877B29C61DC4}.Debug|x86.Build.0 = Debug|Win32
		{4122E2A5-093A-4201-BB59-877B29C61DC4}.Release|x64.ActiveCfg = Release|x64
		{4122E2A5-093A-4201-BB59-877B29C61DC4}.Release|x64.Build.0 = Release|x64
		{4122E2A5-093A-4201-BB59-877B29C61DC4}.Release|x86.ActiveCfg = Release|Win32
		{4122E2A5-093A-4201-BB59-877B29C61DC4}.Release|x86.Build.0 = Release|Win32
		{7CEC506D-B839-40EE-AAC2-D423D1987391}.Debug|x64.ActiveCfg = Debug|x64
		{7CEC506D-B839-40EE-AAC2-D423D1987391}.Debug|x64.Build.0 = Debug|x64
		{7CEC506D-B839-40EE-AAC2-D423D1987391}.Debug|x86.ActiveCfg = Debug|Win32
		{7CEC506D-B839-40EE-AAC2-D423D1987391}.Debug|x86.Build.0 = Debug|Win32
		{7CEC506D-B839-40EE-AAC2-D423D1987391}.Release|x64.ActiveCfg = Release|x64
		{7CEC506D-B839-40EE-AAC2-D423D1987391}.Release|x64.Build.0 = Release|x64
		{7CEC506D-B839-40EE-AAC2-D423D1987391}.Release|x86.ActiveCfg = Release|Win32
		{7CEC506D-B839-40EE-AAC2-D423D1987391}.Release|x86.Build.0 = Release|Win32
		{8F1E3165-4E07-4240-95EB-AD2FE1672F22}.Debug|x64.ActiveCfg = Debug|x64
		{8F1E3165-4E07-4240-95EB-AD2FE1672F22}.Debug|x64.Build.0 = Debug|x64
		{8F1E3165-4E07-4240-95EB-AD2FE1672F22}.Debug|x86.ActiveCfg = Debug|Win32
		{8F1E3165-4E07-4240-95EB-AD2FE1672F22}.Debug|x86.Build.0 = Debug|Win32
		{8F1E3165-4E07-4240-95EB-AD2FE1672F22}.Release|x64.ActiveCfg = Release|x64
		{8F1E3165-4E07-4240-95EB-AD2FE1672F22}.Release|x64.Build.0 = Release|x64
		{8F1E3165-4E07-4240-95EB-AD2FE1672F22}.Release|x86.ActiveCfg = Release|Win32
		{8F1E3165-4E07-4240-95EB-AD2FE1672F22}.Release|x86.Build.0 = Release|Win32
		{3A667D11-5210-4E80-B788-8A2640DECA49}.Debug|x64.ActiveCfg = Debug|x64
		{3A667D11-5210-4E80-B788-8A2640DECA49}.Debug|x64.Build.0 = Debug|x64
		{3A667D11-5210-4E80-B788-8A2640DECA49}.Debug|x86.ActiveCfg = Debug|Win32
		{3A667D11-5210-4E80-B788-8A2640DECA49}.Debug|x86.Build.0 = Debug|Win32
		{3A667D11-5210-4E80-B788-8A2640DECA49}.Release|x64.ActiveCfg = Release|x64
		{3A667D11-5210-4E80-B788-8A2640DECA49}.Release|x64.Build.0 = Release|x64
		{3A667D11-5210-4E80-B788-8A2640DECA49}.Release|x86.ActiveCfg = Release|Win32
		{3A667D11-5210-4E80-B788-8A2640DECA49}.Release|x86.Build.0 = Release|Win32
		{92C0F2A7-B974-4FB8-8410-F533F82AC1D2}.Debug|x64.ActiveCfg = Debug|x64
		{92C0F2A7-B974-4FB8-8410-F533F82AC1D2}.Debug|x64.Build.0 = Debug|x64
		{92C0F2A7-B974-4FB8-8410-F533F82AC1D2}.Debug|x86.ActiveCfg = Debug|Win32
		{92C0F2A7-B974-4FB8-8410-F533F82AC1D2}.Debug|x86.Build.0 = Debug|Win32
		{92C0F2A7-B974-4FB8-8410-F533F82AC1D2}.Release|x64.ActiveCfg = Release|x64
		{92C0F2A7-B974-4FB8-8410-F533F82AC1D2}.Release|x64.Build.0 = Release|x64
		{92C0F2A7-B974-4FB8-8410-F533F82AC1D2}.Release|x86.ActiveCfg = Release|Win32
		{92C0F2A7-B974-4FB8-8410-F533F82AC1D2}.Release|x86.Build.0 = Release|Win32
		{0C02651E-3EC2-496A-B111-C4305AE5173A}.Debug|x64.ActiveCfg = Debug|x64
		{0C02651E-3EC2-496A-B111-C4305AE5173A}.Debug|x64.Build.0 = Debug|x64
		{0C02651E-3EC2-496A-B111-C4305AE5173A}.Debug|x86.ActiveCfg = Debug|Win32
		{0C02651E-3EC2-496A-B111-C4305AE5173A}.Debug|x86.Build.0 = Debug|Win32
		{0C02651E-3EC2-496A-B111-C4305AE5173A}.Release|x64.ActiveCfg = Release|x64
		{0C02651E-3EC2-496A-B111-C4305AE5173A}.Release|x64.Build.0 = Release|x64
		{0C02651E-3EC2-496A-B111-C4305AE5173A}.Release|x86.ActiveCfg = Release|Win32
		{0C02651E-3EC2-496A-B111-C4305AE5173A}.Release|x86.Build.0 = Release|Win32
		{E7378674-6A65-4872-858D-18B340F39768}.Debug|x64.ActiveCfg = Debug|x64
		{E7378674-6A65-4872-858D-18B340F39768}.Debug|x64.Build.0 = Debug|x64
		{E7378674-6A65-4872-858D-18B340F39768}.Debug|x86.ActiveCfg = Debug|Win32
		{E7378674-6A65-4872-858D-18B340F39768}.Debug|x86.Build.0 = Debug|Win32
		{E7378674-6A65-4872-858D-18B340F39768}.Release|x64.ActiveCfg = Release|x64
		{E7378674-6A65-4872-858D-18B340F39768}.Release|x64.Build.0 = Release|x64
		{E7378674-6A65-4872-858D-18B340F39768}.Release|x86.ActiveCfg = Release|Win32
		{E7378674-6A65-4872-858D-18B340F39768}.Release|x86.Build.0 = Release|Win32
		{2D874238-E130-4BB4-9332-28318F0A1069}.Debug|x64.ActiveCfg = Debug|x64
		{2D874238-E130-4BB4-9332-28318F0A1069}.Debug|x64.Build.0 = Debug|x64
		{2D874238-E130-4BB4-9332-28318F0A1069}.Debug|x86.ActiveCfg = Debug|Win32
		{2D874238-E130-4BB4-9332-28318F0A1069}.Debug|x86.Build.0 = Debug|Win32
		{2D874238-E130-4BB4-9332-28318F0A1069}.Release|x64.ActiveCfg = Release|x64
		{2D874238-E130-4BB4-9332-28318F0A1069}.Release|x64.Build.0 = Release|x64
		{2D874238-E130-4BB4-9332-28318F0A1069}.Release|x86.ActiveCfg = Release|Win32
		{2D874238-E130-4BB4-9332-28318F0A1069}.Release|x86.Build.0 = Release|Win32
	EndGlobalSection
	GlobalSection(SolutionProperties) = preSolution
		HideSolutionNode = FALSE
	EndGlobalSection
	GlobalSection(ExtensibilityGlobals) = postSolution
		SolutionGuid = {557A1FA9-8D81-41B9-A57D-69FE5EE1BDAC}
	EndGlobalSection
EndGlobal
