
Microsoft Visual Studio Solution File, Format Version 12.00
# Visual Studio Version 16
VisualStudioVersion = 16.0.30320.27
MinimumVisualStudioVersion = 10.0.40219.1
Project("{8BC9CEB8-8B4A-11D0-8D11-00A0C91BC942}") = "Sem_3", "Sem_3\Sem_3.vcxproj", "{C6619B56-2F8F-4A30-8E35-13F20BDCAACA}"
EndProject
Global
	GlobalSection(SolutionConfigurationPlatforms) = preSolution
		Debug|x64 = Debug|x64
		Debug|x86 = Debug|x86
		Release|x64 = Release|x64
		Release|x86 = Release|x86
	EndGlobalSection
	GlobalSection(ProjectConfigurationPlatforms) = postSolution
		{C6619B56-2F8F-4A30-8E35-13F20BDCAACA}.Debug|x64.ActiveCfg = Debug|x64
		{C6619B56-2F8F-4A30-8E35-13F20BDCAACA}.Debug|x64.Build.0 = Debug|x64
		{C6619B56-2F8F-4A30-8E35-13F20BDCAACA}.Debug|x86.ActiveCfg = Debug|Win32
		{C6619B56-2F8F-4A30-8E35-13F20BDCAACA}.Debug|x86.Build.0 = Debug|Win32
		{C6619B56-2F8F-4A30-8E35-13F20BDCAACA}.Release|x64.ActiveCfg = Release|x64
		{C6619B56-2F8F-4A30-8E35-13F20BDCAACA}.Release|x64.Build.0 = Release|x64
		{C6619B56-2F8F-4A30-8E35-13F20BDCAACA}.Release|x86.ActiveCfg = Release|Win32
		{C6619B56-2F8F-4A30-8E35-13F20BDCAACA}.Release|x86.Build.0 = Release|Win32
	EndGlobalSection
	GlobalSection(SolutionProperties) = preSolution
		HideSolutionNode = FALSE
	EndGlobalSection
	GlobalSection(ExtensibilityGlobals) = postSolution
		SolutionGuid = {93E30DF7-52FF-425E-A15C-B9D81E88EBE1}
	EndGlobalSection
EndGlobal
